// !$*UTF8*$!
{
	archiveVersion = 1;
	classes = {
	};
	objectVersion = 55;
	objects = {

/* Begin PBXBuildFile section */
		5F90F01028FD4DB000E3ACAC /* AppDelegate.m in Sources */ = {isa = PBXBuildFile; fileRef = 5F90F00F28FD4DB000E3ACAC /* AppDelegate.m */; };
		5F90F01328FD4DB000E3ACAC /* SceneDelegate.m in Sources */ = {isa = PBXBuildFile; fileRef = 5F90F01228FD4DB000E3ACAC /* SceneDelegate.m */; };
		5F90F01628FD4DB000E3ACAC /* ViewController.m in Sources */ = {isa = PBXBuildFile; fileRef = 5F90F01528FD4DB000E3ACAC /* ViewController.m */; };
		5F90F01928FD4DB000E3ACAC /* Main.storyboard in Resources */ = {isa = PBXBuildFile; fileRef = 5F90F01728FD4DB000E3ACAC /* Main.storyboard */; };
		5F90F01B28FD4DB100E3ACAC /* Assets.xcassets in Resources */ = {isa = PBXBuildFile; fileRef = 5F90F01A28FD4DB100E3ACAC /* Assets.xcassets */; };
		5F90F01E28FD4DB100E3ACAC /* LaunchScreen.storyboard in Resources */ = {isa = PBXBuildFile; fileRef = 5F90F01C28FD4DB100E3ACAC /* LaunchScreen.storyboard */; };
		5F90F02128FD4DB100E3ACAC /* main.m in Sources */ = {isa = PBXBuildFile; fileRef = 5F90F02028FD4DB100E3ACAC /* main.m */; };
/* End PBXBuildFile section */

/* Begin PBXFileReference section */
		5F90F00B28FD4DB000E3ACAC /* Test-ObjectiveC.app */ = {isa = PBXFileReference; explicitFileType = wrapper.application; includeInIndex = 0; path = "Test-ObjectiveC.app"; sourceTree = BUILT_PRODUCTS_DIR; };
		5F90F00E28FD4DB000E3ACAC /* AppDelegate.h */ = {isa = PBXFileReference; lastKnownFileType = sourcecode.c.h; path = AppDelegate.h; sourceTree = "<group>"; };
		5F90F00F28FD4DB000E3ACAC /* AppDelegate.m */ = {isa = PBXFileReference; lastKnownFileType = sourcecode.c.objc; path = AppDelegate.m; sourceTree = "<group>"; };
		5F90F01128FD4DB000E3ACAC /* SceneDelegate.h */ = {isa = PBXFileReference; lastKnownFileType = sourcecode.c.h; path = SceneDelegate.h; sourceTree = "<group>"; };
		5F90F01228FD4DB000E3ACAC /* SceneDelegate.m */ = {isa = PBXFileReference; lastKnownFileType = sourcecode.c.objc; path = SceneDelegate.m; sourceTree = "<group>"; };
		5F90F01428FD4DB000E3ACAC /* ViewController.h */ = {isa = PBXFileReference; lastKnownFileType = sourcecode.c.h; path = ViewController.h; sourceTree = "<group>"; };
		5F90F01528FD4DB000E3ACAC /* ViewController.m */ = {isa = PBXFileReference; lastKnownFileType = sourcecode.c.objc; path = ViewController.m; sourceTree = "<group>"; };
		5F90F01828FD4DB000E3ACAC /* Base */ = {isa = PBXFileReference; lastKnownFileType = file.storyboard; name = Base; path = Base.lproj/Main.storyboard; sourceTree = "<group>"; };
		5F90F01A28FD4DB100E3ACAC /* Assets.xcassets */ = {isa = PBXFileReference; lastKnownFileType = folder.assetcatalog; path = Assets.xcassets; sourceTree = "<group>"; };
		5F90F01D28FD4DB100E3ACAC /* Base */ = {isa = PBXFileReference; lastKnownFileType = file.storyboard; name = Base; path = Base.lproj/LaunchScreen.storyboard; sourceTree = "<group>"; };
		5F90F01F28FD4DB100E3ACAC /* Info.plist */ = {isa = PBXFileReference; lastKnownFileType = text.plist.xml; path = Info.plist; sourceTree = "<group>"; };
		5F90F02028FD4DB100E3ACAC /* main.m */ = {isa = PBXFileReference; lastKnownFileType = sourcecode.c.objc; path = main.m; sourceTree = "<group>"; };
/* End PBXFileReference section */

/* Begin PBXFrameworksBuildPhase section */
		5F90F00828FD4DB000E3ACAC /* Frameworks */ = {
			isa = PBXFrameworksBuildPhase;
			buildActionMask = 2147483647;
			files = (
			);
			runOnlyForDeploymentPostprocessing = 0;
		};
/* End PBXFrameworksBuildPhase section */

/* Begin PBXGroup section */
		5F90F00228FD4DB000E3ACAC = {
			isa = PBXGroup;
			children = (
				5F90F00D28FD4DB000E3ACAC /* Test-ObjectiveC */,
				5F90F00C28FD4DB000E3ACAC /* Products */,
			);
			sourceTree = "<group>";
		};
		5F90F00C28FD4DB000E3ACAC /* Products */ = {
			isa = PBXGroup;
			children = (
				5F90F00B28FD4DB000E3ACAC /* Test-ObjectiveC.app */,
			);
			name = Products;
			sourceTree = "<group>";
		};
		5F90F00D28FD4DB000E3ACAC /* Test-ObjectiveC */ = {
			isa = PBXGroup;
			children = (
				5F90F00E28FD4DB000E3ACAC /* AppDelegate.h */,
				5F90F00F28FD4DB000E3ACAC /* AppDelegate.m */,
				5F90F01128FD4DB000E3ACAC /* SceneDelegate.h */,
				5F90F01228FD4DB000E3ACAC /* SceneDelegate.m */,
				5F90F01428FD4DB000E3ACAC /* ViewController.h */,
				5F90F01528FD4DB000E3ACAC /* ViewController.m */,
				5F90F01728FD4DB000E3ACAC /* Main.storyboard */,
				5F90F01A28FD4DB100E3ACAC /* Assets.xcassets */,
				5F90F01C28FD4DB100E3ACAC /* LaunchScreen.storyboard */,
				5F90F01F28FD4DB100E3ACAC /* Info.plist */,
				5F90F02028FD4DB100E3ACAC /* main.m */,
			);
			path = "Test-ObjectiveC";
			sourceTree = "<group>";
		};
/* End PBXGroup section */

/* Begin PBXNativeTarget section */
		5F90F00A28FD4DB000E3ACAC /* Test-ObjectiveC */ = {
			isa = PBXNativeTarget;
			buildConfigurationList = 5F90F02428FD4DB100E3ACAC /* Build configuration list for PBXNativeTarget "Test-ObjectiveC" */;
			buildPhases = (
				5F90F00728FD4DB000E3ACAC /* Sources */,
				5F90F00828FD4DB000E3ACAC /* Frameworks */,
				5F90F00928FD4DB000E3ACAC /* Resources */,
			);
			buildRules = (
			);
			dependencies = (
			);
			name = "Test-ObjectiveC";
			productName = "Test-ObjectiveC";
			productReference = 5F90F00B28FD4DB000E3ACAC /* Test-ObjectiveC.app */;
			productType = "com.apple.product-type.application";
		};
/* End PBXNativeTarget section */

/* Begin PBXProject section */
		5F90F00328FD4DB000E3ACAC /* Project object */ = {
			isa = PBXProject;
			attributes = {
				BuildIndependentTargetsInParallel = 1;
				LastUpgradeCheck = 1320;
				TargetAttributes = {
					5F90F00A28FD4DB000E3ACAC = {
						CreatedOnToolsVersion = 13.2.1;
					};
				};
			};
			buildConfigurationList = 5F90F00628FD4DB000E3ACAC /* Build configuration list for PBXProject "Test-ObjectiveC" */;
			compatibilityVersion = "Xcode 13.0";
			developmentRegion = en;
			hasScannedForEncodings = 0;
			knownRegions = (
				en,
				Base,
			);
			mainGroup = 5F90F00228FD4DB000E3ACAC;
			productRefGroup = 5F90F00C28FD4DB000E3ACAC /* Products */;
			projectDirPath = "";
			projectRoot = "";
			targets = (
				5F90F00A28FD4DB000E3ACAC /* Test-ObjectiveC */,
			);
		};
/* End PBXProject section */

/* Begin PBXResourcesBuildPhase section */
		5F90F00928FD4DB000E3ACAC /* Resources */ = {
			isa = PBXResourcesBuildPhase;
			buildActionMask = 2147483647;
			files = (
				5F90F01E28FD4DB100E3ACAC /* LaunchScreen.storyboard in Resources */,
				5F90F01B28FD4DB100E3ACAC /* Assets.xcassets in Resources */,
				5F90F01928FD4DB000E3ACAC /* Main.storyboard in Resources */,
			);
			runOnlyForDeploymentPostprocessing = 0;
		};
/* End PBXResourcesBuildPhase section */

/* Begin PBXSourcesBuildPhase section */
		5F90F00728FD4DB000E3ACAC /* Sources */ = {
			isa = PBXSourcesBuildPhase;
			buildActionMask = 2147483647;
			files = (
				5F90F01628FD4DB000E3ACAC /* ViewController.m in Sources */,
				5F90F01028FD4DB000E3ACAC /* AppDelegate.m in Sources */,
				5F90F02128FD4DB100E3ACAC /* main.m in Sources */,
				5F90F01328FD4DB000E3ACAC /* SceneDelegate.m in Sources */,
			);
			runOnlyForDeploymentPostprocessing = 0;
		};
/* End PBXSourcesBuildPhase section */

/* Begin PBXVariantGroup section */
		5F90F01728FD4DB000E3ACAC /* Main.storyboard */ = {
			isa = PBXVariantGroup;
			children = (
				5F90F01828FD4DB000E3ACAC /* Base */,
			);
			name = Main.storyboard;
			sourceTree = "<group>";
		};
		5F90F01C28FD4DB100E3ACAC /* LaunchScreen.storyboard */ = {
			isa = PBXVariantGroup;
			children = (
				5F90F01D28FD4DB100E3ACAC /* Base */,
			);
			name = LaunchScreen.storyboard;
			sourceTree = "<group>";
		};
/* End PBXVariantGroup section */

/* Begin XCBuildConfiguration section */
		5F90F02228FD4DB100E3ACAC /* Debug */ = {
			isa = XCBuildConfiguration;
			buildSettings = {
				ALWAYS_SEARCH_USER_PATHS = NO;
				CLANG_ANALYZER_NONNULL = YES;
				CLANG_ANALYZER_NUMBER_OBJECT_CONVERSION = YES_AGGRESSIVE;
				CLANG_CXX_LANGUAGE_STANDARD = "gnu++17";
				CLANG_CXX_LIBRARY = "libc++";
				CLANG_ENABLE_MODULES = YES;
				CLANG_ENABLE_OBJC_ARC = YES;
				CLANG_ENABLE_OBJC_WEAK = YES;
				CLANG_WARN_BLOCK_CAPTURE_AUTORELEASING = YES;
				CLANG_WARN_BOOL_CONVERSION = YES;
				CLANG_WARN_COMMA = YES;
				CLANG_WARN_CONSTANT_CONVERSION = YES;
				CLANG_WARN_DEPRECATED_OBJC_IMPLEMENTATIONS = YES;
				CLANG_WARN_DIRECT_OBJC_ISA_USAGE = YES_ERROR;
				CLANG_WARN_DOCUMENTATION_COMMENTS = YES;
				CLANG_WARN_EMPTY_BODY = YES;
				CLANG_WARN_ENUM_CONVERSION = YES;
				CLANG_WARN_INFINITE_RECURSION = YES;
				CLANG_WARN_INT_CONVERSION = YES;
				CLANG_WARN_NON_LITERAL_NULL_CONVERSION = YES;
				CLANG_WARN_OBJC_IMPLICIT_RETAIN_SELF = YES;
				CLANG_WARN_OBJC_LITERAL_CONVERSION = YES;
				CLANG_WARN_OBJC_ROOT_CLASS = YES_ERROR;
				CLANG_WARN_QUOTED_INCLUDE_IN_FRAMEWORK_HEADER = YES;
				CLANG_WARN_RANGE_LOOP_ANALYSIS = YES;
				CLANG_WARN_STRICT_PROTOTYPES = YES;
				CLANG_WARN_SUSPICIOUS_MOVE = YES;
				CLANG_WARN_UNGUARDED_AVAILABILITY = YES_AGGRESSIVE;
				CLANG_WARN_UNREACHABLE_CODE = YES;
				CLANG_WARN__DUPLICATE_METHOD_MATCH = YES;
				COPY_PHASE_STRIP = NO;
				DEBUG_INFORMATION_FORMAT = dwarf;
				ENABLE_STRICT_OBJC_MSGSEND = YES;
				ENABLE_TESTABILITY = YES;
				GCC_C_LANGUAGE_STANDARD = gnu11;
				GCC_DYNAMIC_NO_PIC = NO;
				GCC_NO_COMMON_BLOCKS = YES;
				GCC_OPTIMIZATION_LEVEL = 0;
				GCC_PREPROCESSOR_DEFINITIONS = (
					"DEBUG=1",
					"$(inherited)",
				);
				GCC_WARN_64_TO_32_BIT_CONVERSION = YES;
				GCC_WARN_ABOUT_RETURN_TYPE = YES_ERROR;
				GCC_WARN_UNDECLARED_SELECTOR = YES;
				GCC_WARN_UNINITIALIZED_AUTOS = YES_AGGRESSIVE;
				GCC_WARN_UNUSED_FUNCTION = YES;
				GCC_WARN_UNUSED_VARIABLE = YES;
				IPHONEOS_DEPLOYMENT_TARGET = 15.2;
				MTL_ENABLE_DEBUG_INFO = INCLUDE_SOURCE;
				MTL_FAST_MATH = YES;
				ONLY_ACTIVE_ARCH = YES;
				SDKROOT = iphoneos;
			};
			name = Debug;
		};
		5F90F02328FD4DB100E3ACAC /* Release */ = {
			isa = XCBuildConfiguration;
			buildSettings = {
				ALWAYS_SEARCH_USER_PATHS = NO;
				CLANG_ANALYZER_NONNULL = YES;
				CLANG_ANALYZER_NUMBER_OBJECT_CONVERSION = YES_AGGRESSIVE;
				CLANG_CXX_LANGUAGE_STANDARD = "gnu++17";
				CLANG_CXX_LIBRARY = "libc++";
				CLANG_ENABLE_MODULES = YES;
				CLANG_ENABLE_OBJC_ARC = YES;
				CLANG_ENABLE_OBJC_WEAK = YES;
				CLANG_WARN_BLOCK_CAPTURE_AUTORELEASING = YES;
				CLANG_WARN_BOOL_CONVERSION = YES;
				CLANG_WARN_COMMA = YES;
				CLANG_WARN_CONSTANT_CONVERSION = YES;
				CLANG_WARN_DEPRECATED_OBJC_IMPLEMENTATIONS = YES;
				CLANG_WARN_DIRECT_OBJC_ISA_USAGE = YES_ERROR;
				CLANG_WARN_DOCUMENTATION_COMMENTS = YES;
				CLANG_WARN_EMPTY_BODY = YES;
				CLANG_WARN_ENUM_CONVERSION = YES;
				CLANG_WARN_INFINITE_RECURSION = YES;
				CLANG_WARN_INT_CONVERSION = YES;
				CLANG_WARN_NON_LITERAL_NULL_CONVERSION = YES;
				CLANG_WARN_OBJC_IMPLICIT_RETAIN_SELF = YES;
				CLANG_WARN_OBJC_LITERAL_CONVERSION = YES;
				CLANG_WARN_OBJC_ROOT_CLASS = YES_ERROR;
				CLANG_WARN_QUOTED_INCLUDE_IN_FRAMEWORK_HEADER = YES;
				CLANG_WARN_RANGE_LOOP_ANALYSIS = YES;
				CLANG_WARN_STRICT_PROTOTYPES = YES;
				CLANG_WARN_SUSPICIOUS_MOVE = YES;
				CLANG_WARN_UNGUARDED_AVAILABILITY = YES_AGGRESSIVE;
				CLANG_WARN_UNREACHABLE_CODE = YES;
				CLANG_WARN__DUPLICATE_METHOD_MATCH = YES;
				COPY_PHASE_STRIP = NO;
				DEBUG_INFORMATION_FORMAT = "dwarf-with-dsym";
				ENABLE_NS_ASSERTIONS = NO;
				ENABLE_STRICT_OBJC_MSGSEND = YES;
				GCC_C_LANGUAGE_STANDARD = gnu11;
				GCC_NO_COMMON_BLOCKS = YES;
				GCC_WARN_64_TO_32_BIT_CONVERSION = YES;
				GCC_WARN_ABOUT_RETURN_TYPE = YES_ERROR;
				GCC_WARN_UNDECLARED_SELECTOR = YES;
				GCC_WARN_UNINITIALIZED_AUTOS = YES_AGGRESSIVE;
				GCC_WARN_UNUSED_FUNCTION = YES;
				GCC_WARN_UNUSED_VARIABLE = YES;
				IPHONEOS_DEPLOYMENT_TARGET = 15.2;
				MTL_ENABLE_DEBUG_INFO = NO;
				MTL_FAST_MATH = YES;
				SDKROOT = iphoneos;
				VALIDATE_PRODUCT = YES;
			};
			name = Release;
		};
		5F90F02528FD4DB100E3ACAC /* Debug */ = {
			isa = XCBuildConfiguration;
			buildSettings = {
				ASSETCATALOG_COMPILER_APPICON_NAME = AppIcon;
				ASSETCATALOG_COMPILER_GLOBAL_ACCENT_COLOR_NAME = AccentColor;
				CODE_SIGN_STYLE = Automatic;
				CURRENT_PROJECT_VERSION = 1;
				GENERATE_INFOPLIST_FILE = YES;
				INFOPLIST_FILE = "Test-ObjectiveC/Info.plist";
				INFOPLIST_KEY_UIApplicationSupportsIndirectInputEvents = YES;
				INFOPLIST_KEY_UILaunchStoryboardName = LaunchScreen;
				INFOPLIST_KEY_UIMainStoryboardFile = Main;
				INFOPLIST_KEY_UISupportedInterfaceOrientations_iPad = "UIInterfaceOrientationPortrait UIInterfaceOrientationPortraitUpsideDown UIInterfaceOrientationLandscapeLeft UIInterfaceOrientationLandscapeRight";
				INFOPLIST_KEY_UISupportedInterfaceOrientations_iPhone = "UIInterfaceOrientationPortrait UIInterfaceOrientationLandscapeLeft UIInterfaceOrientationLandscapeRight";
				LD_RUNPATH_SEARCH_PATHS = (
					"$(inherited)",
					"@executable_path/Frameworks",
				);
				MARKETING_VERSION = 1.0;
				PRODUCT_BUNDLE_IDENTIFIER = "kr.co.Test-ObjectiveC";
				PRODUCT_NAME = "$(TARGET_NAME)";
				SWIFT_EMIT_LOC_STRINGS = YES;
				TARGETED_DEVICE_FAMILY = "1,2";
			};
			name = Debug;
		};
		5F90F02628FD4DB100E3ACAC /* Release */ = {
			isa = XCBuildConfiguration;
			buildSettings = {
				ASSETCATALOG_COMPILER_APPICON_NAME = AppIcon;
				ASSETCATALOG_COMPILER_GLOBAL_ACCENT_COLOR_NAME = AccentColor;
				CODE_SIGN_STYLE = Automatic;
				CURRENT_PROJECT_VERSION = 1;
				GENERATE_INFOPLIST_FILE = YES;
				INFOPLIST_FILE = "Test-ObjectiveC/Info.plist";
				INFOPLIST_KEY_UIApplicationSupportsIndirectInputEvents = YES;
				INFOPLIST_KEY_UILaunchStoryboardName = LaunchScreen;
				INFOPLIST_KEY_UIMainStoryboardFile = Main;
				INFOPLIST_KEY_UISupportedInterfaceOrientations_iPad = "UIInterfaceOrientationPortrait UIInterfaceOrientationPortraitUpsideDown UIInterfaceOrientationLandscapeLeft UIInterfaceOrientationLandscapeRight";
				INFOPLIST_KEY_UISupportedInterfaceOrientations_iPhone = "UIInterfaceOrientationPortrait UIInterfaceOrientationLandscapeLeft UIInterfaceOrientationLandscapeRight";
				LD_RUNPATH_SEARCH_PATHS = (
					"$(inherited)",
					"@executable_path/Frameworks",
				);
				MARKETING_VERSION = 1.0;
				PRODUCT_BUNDLE_IDENTIFIER = "kr.co.Test-ObjectiveC";
				PRODUCT_NAME = "$(TARGET_NAME)";
				SWIFT_EMIT_LOC_STRINGS = YES;
				TARGETED_DEVICE_FAMILY = "1,2";
			};
			name = Release;
		};
/* End XCBuildConfiguration section */

/* Begin XCConfigurationList section */
		5F90F00628FD4DB000E3ACAC /* Build configuration list for PBXProject "Test-ObjectiveC" */ = {
			isa = XCConfigurationList;
			buildConfigurations = (
				5F90F02228FD4DB100E3ACAC /* Debug */,
				5F90F02328FD4DB100E3ACAC /* Release */,
			);
			defaultConfigurationIsVisible = 0;
			defaultConfigurationName = Release;
		};
		5F90F02428FD4DB100E3ACAC /* Build configuration list for PBXNativeTarget "Test-ObjectiveC" */ = {
			isa = XCConfigurationList;
			buildConfigurations = (
				5F90F02528FD4DB100E3ACAC /* Debug */,
				5F90F02628FD4DB100E3ACAC /* Release */,
			);
			defaultConfigurationIsVisible = 0;
			defaultConfigurationName = Release;
		};
/* End XCConfigurationList section */
	};
	rootObject = 5F90F00328FD4DB000E3ACAC /* Project object */;
}
